PODS:
  - Alamofire (4.8.2)
  - BMPlayer (1.2.1):
    - BMPlayer/Full (= 1.2.1)
  - BMPlayer/Core (1.2.1)
  - BMPlayer/Full (1.2.1):
    - BMPlayer/Core
    - NVActivityIndicatorView (~> 4.6.1)
    - SnapKit (~> 4.2.0)
  - Charts (3.3.0):
    - Charts/Core (= 3.3.0)
  - Charts/Core (3.3.0)
  - CountryList (1.1)
  - Fusuma (1.3.3)
  - Google-Mobile-Ads-SDK (7.47.0):
    - GoogleAppMeasurement (~> 6.0)
  - GoogleAppMeasurement (6.0.4):
    - GoogleUtilities/AppDelegateSwizzler (~> 6.0)
    - GoogleUtilities/MethodSwizzler (~> 6.0)
    - GoogleUtilities/Network (~> 6.0)
    - "GoogleUtilities/NSData+zlib (~> 6.0)"
    - nanopb (~> 0.3)
  - GoogleUtilities/AppDelegateSwizzler (6.2.3):
    - GoogleUtilities/Environment
    - GoogleUtilities/Logger
    - GoogleUtilities/Network
  - GoogleUtilities/Environment (6.2.3)
  - GoogleUtilities/Logger (6.2.3):
    - GoogleUtilities/Environment
  - GoogleUtilities/MethodSwizzler (6.2.3):
    - GoogleUtilities/Logger
  - GoogleUtilities/Network (6.2.3):
    - GoogleUtilities/Logger
    - "GoogleUtilities/NSData+zlib"
    - GoogleUtilities/Reachability
  - "GoogleUtilities/NSData+zlib (6.2.3)"
  - GoogleUtilities/Reachability (6.2.3):
    - GoogleUtilities/Logger
  - GravitySliderFlowLayout (1.0)
  - iOSPhotoEditor (0.6)
  - IQKeyboardManagerSwift (6.4.0)
  - Kingfisher (4.10.1)
  - Koloda (5.0):
    - pop (~> 1.0)
  - Material (3.1.6):
    - Material/Core (= 3.1.6)
  - Material/Core (3.1.6):
    - Motion (~> 3.1.1)
  - Motion (3.1.1):
    - Motion/Core (= 3.1.1)
  - Motion/Core (3.1.1)
  - nanopb (0.3.901):
    - nanopb/decode (= 0.3.901)
    - nanopb/encode (= 0.3.901)
  - nanopb/decode (0.3.901)
  - nanopb/encode (0.3.901)
  - NVActivityIndicatorView (4.6.1):
    - NVActivityIndicatorView/Presenter (= 4.6.1)
  - NVActivityIndicatorView/Presenter (4.6.1)
  - ObjectMapper (3.5.1)
  - OneSignal (2.10.0)
  - OTPTextView (0.1.2)
  - PhoneNumberKit (2.6.0):
    - PhoneNumberKit/PhoneNumberKitCore (= 2.6.0)
    - PhoneNumberKit/UIKit (= 2.6.0)
  - PhoneNumberKit/PhoneNumberKitCore (2.6.0)
  - PhoneNumberKit/UIKit (2.6.0):
    - PhoneNumberKit/PhoneNumberKitCore
  - pop (1.0.12)
  - PryntTrimmerView (3.0.0)
  - SCLAlertView (0.8)
  - SnapKit (4.2.0)
  - Socket.IO-Client-Swift (12.0.0):
    - StarscreamSocketIO (~> 8.0.7)
  - StarscreamSocketIO (8.0.7)
  - SteviaLayout (4.4.4)
  - SwiftMessages (7.0.0):
    - SwiftMessages/App (= 7.0.0)
  - SwiftMessages/App (7.0.0)
  - SwiftMoment (0.7)
  - SwiftyJSON (5.0.0)
  - TTRangeSlider (1.0.6)
  - WSTagsField (5.0.0)
  - WXImageCompress (0.1.3)
  - YPImagePicker (4.0.0):
    - PryntTrimmerView (~> 3.0.0)
    - SteviaLayout (~> 4.4.1)

DEPENDENCIES:
  - Alamofire
  - BMPlayer (~> 1.2.0)
  - Charts
  - CountryList
  - Fusuma
  - Google-Mobile-Ads-SDK
  - GravitySliderFlowLayout
  - iOSPhotoEditor
  - IQKeyboardManagerSwift
  - Kingfisher
  - Koloda
  - Material
  - ObjectMapper (~> 3.4)
  - OneSignal (< 3.0, >= 2.6.2)
  - OTPTextView
  - PhoneNumberKit (~> 2.6)
  - SCLAlertView
  - Socket.IO-Client-Swift (~> 12.0.0)
  - SwiftMessages
  - SwiftMoment
  - SwiftyJSON
  - TTRangeSlider
  - WSTagsField
  - WXImageCompress
  - YPImagePicker

SPEC REPOS:
  https://github.com/CocoaPods/Specs.git:
    - Alamofire
    - BMPlayer
    - Charts
    - CountryList
    - Fusuma
    - Google-Mobile-Ads-SDK
    - GoogleAppMeasurement
    - GoogleUtilities
    - GravitySliderFlowLayout
    - iOSPhotoEditor
    - IQKeyboardManagerSwift
    - Kingfisher
    - Koloda
    - Material
    - Motion
    - nanopb
    - NVActivityIndicatorView
    - ObjectMapper
    - OneSignal
    - OTPTextView
    - PhoneNumberKit
    - pop
    - PryntTrimmerView
    - SCLAlertView
    - SnapKit
    - Socket.IO-Client-Swift
    - StarscreamSocketIO
    - SteviaLayout
    - SwiftMessages
    - SwiftMoment
    - SwiftyJSON
    - TTRangeSlider
    - WSTagsField
    - WXImageCompress
    - YPImagePicker

SPEC CHECKSUMS:
  Alamofire: ae5c501addb7afdbb13687d7f2f722c78734c2d3
  BMPlayer: ea12f9d82e37f968dea2078b5e58e356ee4439d8
  Charts: e0dd4cd8f257bccf98407b58183ddca8e8d5b578
  CountryList: ad58cd670c4ecab6bb014abebc12e63f619174b2
  Fusuma: 3bd08c8c5341ec60c0074fa28570fea8765966f0
  Google-Mobile-Ads-SDK: a10b30f4a51a3283df7df3c9ea7e84553b508e4b
  GoogleAppMeasurement: 183bd916af7f80deb67c01888368f1108d641832
  GoogleUtilities: d2b0e277a95962e09bb27f5cd42f5f0b6a506c7d
  GravitySliderFlowLayout: bb9ae6a302b85821c9e0271c00533fae8091143b
  iOSPhotoEditor: d597c2797033bb06e2a705560ae748136c8ac2ea
  IQKeyboardManagerSwift: ed9b04ee0e3067ffba543283462d619f944b05e5
  Kingfisher: c148cd7b47ebde9989f6bc7c27dcaa79d81279a0
  Koloda: 75302d21882cc3e274c1561b1155805ea5919dab
  Material: 9b30613deb1b79487eeede5e4f90cbff084311ea
  Motion: f115b33f36cc52472a25a965daa89b3859817de0
  nanopb: 2901f78ea1b7b4015c860c2fdd1ea2fee1a18d48
  NVActivityIndicatorView: 4ca19fccc84595a78957336a086d00a49be6ce61
  ObjectMapper: 70187b8941977c62ccfb423caf6b50be405cabf0
  OneSignal: 0f5ff711d9f25da54885e4ab06ef0abc221a46ef
  OTPTextView: e90f3a8c61a51767bd2cd4430cc8541f23a56e20
  PhoneNumberKit: 167ee1f0bbb6efce7c62559e620eae745595532f
  pop: d582054913807fd11fd50bfe6a539d91c7e1a55a
  PryntTrimmerView: 53ac64053c7ce63cb3e27f54090f52da0734891d
  SCLAlertView: 6a77bb2edfc65e04dbe57725546cb4107a506b85
  SnapKit: fe8a619752f3f27075cc9a90244d75c6c3f27e2a
  Socket.IO-Client-Swift: 5b0154b42b3892bfb4c44fa138cbeb8afec4f6ef
  StarscreamSocketIO: 00b54e4208481ca5cef089545353aaf126bae16d
  SteviaLayout: 523469269059f2c6da02820bb2ff28a5fe0780aa
  SwiftMessages: a952f7a9103d9aeab93730a2861d2d8fcdd8758f
  SwiftMoment: dc6dd27012e267819104cbb03f74ff9192dd0b42
  SwiftyJSON: 36413e04c44ee145039d332b4f4e2d3e8d6c4db7
  TTRangeSlider: 78188bea83f6471a06f75adbc88da5e990baeafe
  WSTagsField: 5963db79f251c2a87ecfcf5dbfa36d05efc3d548
  WXImageCompress: 86c7a4d028c7fc9c74181468c318a9ec688fcdac
  YPImagePicker: 8039f89ad79281545fa868486f32d9bf5d65ede1

PODFILE CHECKSUM: 6d83815bb619892ec2e28c90575eaf3fad90b404

COCOAPODS: 1.5.0
